
Microsoft Visual Studio Solution File, Format Version 12.00
# Visual Studio 16
Project("{FAE04EC0-301F-11D3-BF4B-00C04F79EFBC}") = "Assembly-CSharp", "Assembly-CSharp.csproj", "{37F0EFE0-B93D-6C43-12D2-4208D1A25C01}"
EndProject
Global
	GlobalSection(SolutionConfigurationPlatforms) = preSolution
		Debug|Any CPU = Debug|Any CPU
		Release|Any CPU = Release|Any CPU
	EndGlobalSection
	GlobalSection(ProjectConfigurationPlatforms) = postSolution
		{37F0EFE0-B93D-6C43-12D2-4208D1A25C01}.Debug|Any CPU.ActiveCfg = Debug|Any CPU
		{37F0EFE0-B93D-6C43-12D2-4208D1A25C01}.Debug|Any CPU.Build.0 = Debug|Any CPU
		{37F0EFE0-B93D-6C43-12D2-4208D1A25C01}.Release|Any CPU.ActiveCfg = Release|Any CPU
		{37F0EFE0-B93D-6C43-12D2-4208D1A25C01}.Release|Any CPU.Build.0 = Release|Any CPU
	EndGlobalSection
	GlobalSection(SolutionProperties) = preSolution
		HideSolutionNode = FALSE
	EndGlobalSection
EndGlobal
